// !$*UTF8*$!
{
	archiveVersion = 1;
	classes = {
	};
	objectVersion = 55;
	objects = {

/* Begin PBXBuildFile section */
		1187F944284DF894000D4C89 /* AppDelegate.swift in Sources */ = {isa = PBXBuildFile; fileRef = 1187F943284DF894000D4C89 /* AppDelegate.swift */; };
		1187F946284DF894000D4C89 /* SceneDelegate.swift in Sources */ = {isa = PBXBuildFile; fileRef = 1187F945284DF894000D4C89 /* SceneDelegate.swift */; };
		1187F948284DF894000D4C89 /* ViewController.swift in Sources */ = {isa = PBXBuildFile; fileRef = 1187F947284DF894000D4C89 /* ViewController.swift */; };
		1187F94B284DF894000D4C89 /* Main.storyboard in Resources */ = {isa = PBXBuildFile; fileRef = 1187F949284DF894000D4C89 /* Main.storyboard */; };
		1187F94D284DF897000D4C89 /* Assets.xcassets in Resources */ = {isa = PBXBuildFile; fileRef = 1187F94C284DF897000D4C89 /* Assets.xcassets */; };
		1187F950284DF897000D4C89 /* LaunchScreen.storyboard in Resources */ = {isa = PBXBuildFile; fileRef = 1187F94E284DF897000D4C89 /* LaunchScreen.storyboard */; };
		1187F95B284DF897000D4C89 /* TasksTests.swift in Sources */ = {isa = PBXBuildFile; fileRef = 1187F95A284DF897000D4C89 /* TasksTests.swift */; };
		1187F965284DF897000D4C89 /* TasksUITests.swift in Sources */ = {isa = PBXBuildFile; fileRef = 1187F964284DF897000D4C89 /* TasksUITests.swift */; };
		1187F967284DF897000D4C89 /* TasksUITestsLaunchTests.swift in Sources */ = {isa = PBXBuildFile; fileRef = 1187F966284DF897000D4C89 /* TasksUITestsLaunchTests.swift */; };
		1187F974284E023E000D4C89 /* EntryViewController.swift in Sources */ = {isa = PBXBuildFile; fileRef = 1187F973284E023E000D4C89 /* EntryViewController.swift */; };
		1187F976284E0264000D4C89 /* TaskViewController.swift in Sources */ = {isa = PBXBuildFile; fileRef = 1187F975284E0264000D4C89 /* TaskViewController.swift */; };
/* End PBXBuildFile section */

/* Begin PBXContainerItemProxy section */
		1187F957284DF897000D4C89 /* PBXContainerItemProxy */ = {
			isa = PBXContainerItemProxy;
			containerPortal = 1187F938284DF894000D4C89 /* Project object */;
			proxyType = 1;
			remoteGlobalIDString = 1187F93F284DF894000D4C89;
			remoteInfo = Tasks;
		};
		1187F961284DF897000D4C89 /* PBXContainerItemProxy */ = {
			isa = PBXContainerItemProxy;
			containerPortal = 1187F938284DF894000D4C89 /* Project object */;
			proxyType = 1;
			remoteGlobalIDString = 1187F93F284DF894000D4C89;
			remoteInfo = Tasks;
		};
/* End PBXContainerItemProxy section */

/* Begin PBXFileReference section */
		1187F940284DF894000D4C89 /* Tasks.app */ = {isa = PBXFileReference; explicitFileType = wrapper.application; includeInIndex = 0; path = Tasks.app; sourceTree = BUILT_PRODUCTS_DIR; };
		1187F943284DF894000D4C89 /* AppDelegate.swift */ = {isa = PBXFileReference; lastKnownFileType = sourcecode.swift; path = AppDelegate.swift; sourceTree = "<group>"; };
		1187F945284DF894000D4C89 /* SceneDelegate.swift */ = {isa = PBXFileReference; lastKnownFileType = sourcecode.swift; path = SceneDelegate.swift; sourceTree = "<group>"; };
		1187F947284DF894000D4C89 /* ViewController.swift */ = {isa = PBXFileReference; lastKnownFileType = sourcecode.swift; path = ViewController.swift; sourceTree = "<group>"; };
		1187F94A284DF894000D4C89 /* Base */ = {isa = PBXFileReference; lastKnownFileType = file.storyboard; name = Base; path = Base.lproj/Main.storyboard; sourceTree = "<group>"; };
		1187F94C284DF897000D4C89 /* Assets.xcassets */ = {isa = PBXFileReference; lastKnownFileType = folder.assetcatalog; path = Assets.xcassets; sourceTree = "<group>"; };
		1187F94F284DF897000D4C89 /* Base */ = {isa = PBXFileReference; lastKnownFileType = file.storyboard; name = Base; path = Base.lproj/LaunchScreen.storyboard; sourceTree = "<group>"; };
		1187F951284DF897000D4C89 /* Info.plist */ = {isa = PBXFileReference; lastKnownFileType = text.plist.xml; path = Info.plist; sourceTree = "<group>"; };
		1187F956284DF897000D4C89 /* TasksTests.xctest */ = {isa = PBXFileReference; explicitFileType = wrapper.cfbundle; includeInIndex = 0; path = TasksTests.xctest; sourceTree = BUILT_PRODUCTS_DIR; };
		1187F95A284DF897000D4C89 /* TasksTests.swift */ = {isa = PBXFileReference; lastKnownFileType = sourcecode.swift; path = TasksTests.swift; sourceTree = "<group>"; };
		1187F960284DF897000D4C89 /* TasksUITests.xctest */ = {isa = PBXFileReference; explicitFileType = wrapper.cfbundle; includeInIndex = 0; path = TasksUITests.xctest; sourceTree = BUILT_PRODUCTS_DIR; };
		1187F964284DF897000D4C89 /* TasksUITests.swift */ = {isa = PBXFileReference; lastKnownFileType = sourcecode.swift; path = TasksUITests.swift; sourceTree = "<group>"; };
		1187F966284DF897000D4C89 /* TasksUITestsLaunchTests.swift */ = {isa = PBXFileReference; lastKnownFileType = sourcecode.swift; path = TasksUITestsLaunchTests.swift; sourceTree = "<group>"; };
		1187F973284E023E000D4C89 /* EntryViewController.swift */ = {isa = PBXFileReference; lastKnownFileType = sourcecode.swift; path = EntryViewController.swift; sourceTree = "<group>"; };
		1187F975284E0264000D4C89 /* TaskViewController.swift */ = {isa = PBXFileReference; lastKnownFileType = sourcecode.swift; path = TaskViewController.swift; sourceTree = "<group>"; };
/* End PBXFileReference section */

/* Begin PBXFrameworksBuildPhase section */
		1187F93D284DF894000D4C89 /* Frameworks */ = {
			isa = PBXFrameworksBuildPhase;
			buildActionMask = 2147483647;
			files = (
			);
			runOnlyForDeploymentPostprocessing = 0;
		};
		1187F953284DF897000D4C89 /* Frameworks */ = {
			isa = PBXFrameworksBuildPhase;
			buildActionMask = 2147483647;
			files = (
			);
			runOnlyForDeploymentPostprocessing = 0;
		};
		1187F95D284DF897000D4C89 /* Frameworks */ = {
			isa = PBXFrameworksBuildPhase;
			buildActionMask = 2147483647;
			files = (
			);
			runOnlyForDeploymentPostprocessing = 0;
		};
/* End PBXFrameworksBuildPhase section */

/* Begin PBXGroup section */
		1187F937284DF894000D4C89 = {
			isa = PBXGroup;
			children = (
				1187F942284DF894000D4C89 /* Tasks */,
				1187F959284DF897000D4C89 /* TasksTests */,
				1187F963284DF897000D4C89 /* TasksUITests */,
				1187F941284DF894000D4C89 /* Products */,
			);
			sourceTree = "<group>";
		};
		1187F941284DF894000D4C89 /* Products */ = {
			isa = PBXGroup;
			children = (
				1187F940284DF894000D4C89 /* Tasks.app */,
				1187F956284DF897000D4C89 /* TasksTests.xctest */,
				1187F960284DF897000D4C89 /* TasksUITests.xctest */,
			);
			name = Products;
			sourceTree = "<group>";
		};
		1187F942284DF894000D4C89 /* Tasks */ = {
			isa = PBXGroup;
			children = (
				1187F943284DF894000D4C89 /* AppDelegate.swift */,
				1187F945284DF894000D4C89 /* SceneDelegate.swift */,
				1187F947284DF894000D4C89 /* ViewController.swift */,
				1187F949284DF894000D4C89 /* Main.storyboard */,
				1187F94C284DF897000D4C89 /* Assets.xcassets */,
				1187F94E284DF897000D4C89 /* LaunchScreen.storyboard */,
				1187F951284DF897000D4C89 /* Info.plist */,
				1187F973284E023E000D4C89 /* EntryViewController.swift */,
				1187F975284E0264000D4C89 /* TaskViewController.swift */,
			);
			path = Tasks;
			sourceTree = "<group>";
		};
		1187F959284DF897000D4C89 /* TasksTests */ = {
			isa = PBXGroup;
			children = (
				1187F95A284DF897000D4C89 /* TasksTests.swift */,
			);
			path = TasksTests;
			sourceTree = "<group>";
		};
		1187F963284DF897000D4C89 /* TasksUITests */ = {
			isa = PBXGroup;
			children = (
				1187F964284DF897000D4C89 /* TasksUITests.swift */,
				1187F966284DF897000D4C89 /* TasksUITestsLaunchTests.swift */,
			);
			path = TasksUITests;
			sourceTree = "<group>";
		};
/* End PBXGroup section */

/* Begin PBXNativeTarget section */
		1187F93F284DF894000D4C89 /* Tasks */ = {
			isa = PBXNativeTarget;
			buildConfigurationList = 1187F96A284DF897000D4C89 /* Build configuration list for PBXNativeTarget "Tasks" */;
			buildPhases = (
				1187F93C284DF894000D4C89 /* Sources */,
				1187F93D284DF894000D4C89 /* Frameworks */,
				1187F93E284DF894000D4C89 /* Resources */,
			);
			buildRules = (
			);
			dependencies = (
			);
			name = Tasks;
			productName = Tasks;
			productReference = 1187F940284DF894000D4C89 /* Tasks.app */;
			productType = "com.apple.product-type.application";
		};
		1187F955284DF897000D4C89 /* TasksTests */ = {
			isa = PBXNativeTarget;
			buildConfigurationList = 1187F96D284DF897000D4C89 /* Build configuration list for PBXNativeTarget "TasksTests" */;
			buildPhases = (
				1187F952284DF897000D4C89 /* Sources */,
				1187F953284DF897000D4C89 /* Frameworks */,
				1187F954284DF897000D4C89 /* Resources */,
			);
			buildRules = (
			);
			dependencies = (
				1187F958284DF897000D4C89 /* PBXTargetDependency */,
			);
			name = TasksTests;
			productName = TasksTests;
			productReference = 1187F956284DF897000D4C89 /* TasksTests.xctest */;
			productType = "com.apple.product-type.bundle.unit-test";
		};
		1187F95F284DF897000D4C89 /* TasksUITests */ = {
			isa = PBXNativeTarget;
			buildConfigurationList = 1187F970284DF897000D4C89 /* Build configuration list for PBXNativeTarget "TasksUITests" */;
			buildPhases = (
				1187F95C284DF897000D4C89 /* Sources */,
				1187F95D284DF897000D4C89 /* Frameworks */,
				1187F95E284DF897000D4C89 /* Resources */,
			);
			buildRules = (
			);
			dependencies = (
				1187F962284DF897000D4C89 /* PBXTargetDependency */,
			);
			name = TasksUITests;
			productName = TasksUITests;
			productReference = 1187F960284DF897000D4C89 /* TasksUITests.xctest */;
			productType = "com.apple.product-type.bundle.ui-testing";
		};
/* End PBXNativeTarget section */

/* Begin PBXProject section */
		1187F938284DF894000D4C89 /* Project object */ = {
			isa = PBXProject;
			attributes = {
				BuildIndependentTargetsInParallel = 1;
				LastSwiftUpdateCheck = 1330;
				LastUpgradeCheck = 1330;
				TargetAttributes = {
					1187F93F284DF894000D4C89 = {
						CreatedOnToolsVersion = 13.3;
					};
					1187F955284DF897000D4C89 = {
						CreatedOnToolsVersion = 13.3;
						TestTargetID = 1187F93F284DF894000D4C89;
					};
					1187F95F284DF897000D4C89 = {
						CreatedOnToolsVersion = 13.3;
						TestTargetID = 1187F93F284DF894000D4C89;
					};
				};
			};
			buildConfigurationList = 1187F93B284DF894000D4C89 /* Build configuration list for PBXProject "Tasks" */;
			compatibilityVersion = "Xcode 13.0";
			developmentRegion = en;
			hasScannedForEncodings = 0;
			knownRegions = (
				en,
				Base,
			);
			mainGroup = 1187F937284DF894000D4C89;
			productRefGroup = 1187F941284DF894000D4C89 /* Products */;
			projectDirPath = "";
			projectRoot = "";
			targets = (
				1187F93F284DF894000D4C89 /* Tasks */,
				1187F955284DF897000D4C89 /* TasksTests */,
				1187F95F284DF897000D4C89 /* TasksUITests */,
			);
		};
/* End PBXProject section */

/* Begin PBXResourcesBuildPhase section */
		1187F93E284DF894000D4C89 /* Resources */ = {
			isa = PBXResourcesBuildPhase;
			buildActionMask = 2147483647;
			files = (
				1187F950284DF897000D4C89 /* LaunchScreen.storyboard in Resources */,
				1187F94D284DF897000D4C89 /* Assets.xcassets in Resources */,
				1187F94B284DF894000D4C89 /* Main.storyboard in Resources */,
			);
			runOnlyForDeploymentPostprocessing = 0;
		};
		1187F954284DF897000D4C89 /* Resources */ = {
			isa = PBXResourcesBuildPhase;
			buildActionMask = 2147483647;
			files = (
			);
			runOnlyForDeploymentPostprocessing = 0;
		};
		1187F95E284DF897000D4C89 /* Resources */ = {
			isa = PBXResourcesBuildPhase;
			buildActionMask = 2147483647;
			files = (
			);
			runOnlyForDeploymentPostprocessing = 0;
		};
/* End PBXResourcesBuildPhase section */

/* Begin PBXSourcesBuildPhase section */
		1187F93C284DF894000D4C89 /* Sources */ = {
			isa = PBXSourcesBuildPhase;
			buildActionMask = 2147483647;
			files = (
				1187F948284DF894000D4C89 /* ViewController.swift in Sources */,
				1187F974284E023E000D4C89 /* EntryViewController.swift in Sources */,
				1187F976284E0264000D4C89 /* TaskViewController.swift in Sources */,
				1187F944284DF894000D4C89 /* AppDelegate.swift in Sources */,
				1187F946284DF894000D4C89 /* SceneDelegate.swift in Sources */,
			);
			runOnlyForDeploymentPostprocessing = 0;
		};
		1187F952284DF897000D4C89 /* Sources */ = {
			isa = PBXSourcesBuildPhase;
			buildActionMask = 2147483647;
			files = (
				1187F95B284DF897000D4C89 /* TasksTests.swift in Sources */,
			);
			runOnlyForDeploymentPostprocessing = 0;
		};
		1187F95C284DF897000D4C89 /* Sources */ = {
			isa = PBXSourcesBuildPhase;
			buildActionMask = 2147483647;
			files = (
				1187F965284DF897000D4C89 /* TasksUITests.swift in Sources */,
				1187F967284DF897000D4C89 /* TasksUITestsLaunchTests.swift in Sources */,
			);
			runOnlyForDeploymentPostprocessing = 0;
		};
/* End PBXSourcesBuildPhase section */

/* Begin PBXTargetDependency section */
		1187F958284DF897000D4C89 /* PBXTargetDependency */ = {
			isa = PBXTargetDependency;
			target = 1187F93F284DF894000D4C89 /* Tasks */;
			targetProxy = 1187F957284DF897000D4C89 /* PBXContainerItemProxy */;
		};
		1187F962284DF897000D4C89 /* PBXTargetDependency */ = {
			isa = PBXTargetDependency;
			target = 1187F93F284DF894000D4C89 /* Tasks */;
			targetProxy = 1187F961284DF897000D4C89 /* PBXContainerItemProxy */;
		};
/* End PBXTargetDependency section */

/* Begin PBXVariantGroup section */
		1187F949284DF894000D4C89 /* Main.storyboard */ = {
			isa = PBXVariantGroup;
			children = (
				1187F94A284DF894000D4C89 /* Base */,
			);
			name = Main.storyboard;
			sourceTree = "<group>";
		};
		1187F94E284DF897000D4C89 /* LaunchScreen.storyboard */ = {
			isa = PBXVariantGroup;
			children = (
				1187F94F284DF897000D4C89 /* Base */,
			);
			name = LaunchScreen.storyboard;
			sourceTree = "<group>";
		};
/* End PBXVariantGroup section */

/* Begin XCBuildConfiguration section */
		1187F968284DF897000D4C89 /* Debug */ = {
			isa = XCBuildConfiguration;
			buildSettings = {
				ALWAYS_SEARCH_USER_PATHS = NO;
				CLANG_ANALYZER_NONNULL = YES;
				CLANG_ANALYZER_NUMBER_OBJECT_CONVERSION = YES_AGGRESSIVE;
				CLANG_CXX_LANGUAGE_STANDARD = "gnu++17";
				CLANG_ENABLE_MODULES = YES;
				CLANG_ENABLE_OBJC_ARC = YES;
				CLANG_ENABLE_OBJC_WEAK = YES;
				CLANG_WARN_BLOCK_CAPTURE_AUTORELEASING = YES;
				CLANG_WARN_BOOL_CONVERSION = YES;
				CLANG_WARN_COMMA = YES;
				CLANG_WARN_CONSTANT_CONVERSION = YES;
				CLANG_WARN_DEPRECATED_OBJC_IMPLEMENTATIONS = YES;
				CLANG_WARN_DIRECT_OBJC_ISA_USAGE = YES_ERROR;
				CLANG_WARN_DOCUMENTATION_COMMENTS = YES;
				CLANG_WARN_EMPTY_BODY = YES;
				CLANG_WARN_ENUM_CONVERSION = YES;
				CLANG_WARN_INFINITE_RECURSION = YES;
				CLANG_WARN_INT_CONVERSION = YES;
				CLANG_WARN_NON_LITERAL_NULL_CONVERSION = YES;
				CLANG_WARN_OBJC_IMPLICIT_RETAIN_SELF = YES;
				CLANG_WARN_OBJC_LITERAL_CONVERSION = YES;
				CLANG_WARN_OBJC_ROOT_CLASS = YES_ERROR;
				CLANG_WARN_QUOTED_INCLUDE_IN_FRAMEWORK_HEADER = YES;
				CLANG_WARN_RANGE_LOOP_ANALYSIS = YES;
				CLANG_WARN_STRICT_PROTOTYPES = YES;
				CLANG_WARN_SUSPICIOUS_MOVE = YES;
				CLANG_WARN_UNGUARDED_AVAILABILITY = YES_AGGRESSIVE;
				CLANG_WARN_UNREACHABLE_CODE = YES;
				CLANG_WARN__DUPLICATE_METHOD_MATCH = YES;
				COPY_PHASE_STRIP = NO;
				DEBUG_INFORMATION_FORMAT = dwarf;
				ENABLE_STRICT_OBJC_MSGSEND = YES;
				ENABLE_TESTABILITY = YES;
				GCC_C_LANGUAGE_STANDARD = gnu11;
				GCC_DYNAMIC_NO_PIC = NO;
				GCC_NO_COMMON_BLOCKS = YES;
				GCC_OPTIMIZATION_LEVEL = 0;
				GCC_PREPROCESSOR_DEFINITIONS = (
					"DEBUG=1",
					"$(inherited)",
				);
				GCC_WARN_64_TO_32_BIT_CONVERSION = YES;
				GCC_WARN_ABOUT_RETURN_TYPE = YES_ERROR;
				GCC_WARN_UNDECLARED_SELECTOR = YES;
				GCC_WARN_UNINITIALIZED_AUTOS = YES_AGGRESSIVE;
				GCC_WARN_UNUSED_FUNCTION = YES;
				GCC_WARN_UNUSED_VARIABLE = YES;
				IPHONEOS_DEPLOYMENT_TARGET = 15.4;
				MTL_ENABLE_DEBUG_INFO = INCLUDE_SOURCE;
				MTL_FAST_MATH = YES;
				ONLY_ACTIVE_ARCH = YES;
				SDKROOT = iphoneos;
				SWIFT_ACTIVE_COMPILATION_CONDITIONS = DEBUG;
				SWIFT_OPTIMIZATION_LEVEL = "-Onone";
			};
			name = Debug;
		};
		1187F969284DF897000D4C89 /* Release */ = {
			isa = XCBuildConfiguration;
			buildSettings = {
				ALWAYS_SEARCH_USER_PATHS = NO;
				CLANG_ANALYZER_NONNULL = YES;
				CLANG_ANALYZER_NUMBER_OBJECT_CONVERSION = YES_AGGRESSIVE;
				CLANG_CXX_LANGUAGE_STANDARD = "gnu++17";
				CLANG_ENABLE_MODULES = YES;
				CLANG_ENABLE_OBJC_ARC = YES;
				CLANG_ENABLE_OBJC_WEAK = YES;
				CLANG_WARN_BLOCK_CAPTURE_AUTORELEASING = YES;
				CLANG_WARN_BOOL_CONVERSION = YES;
				CLANG_WARN_COMMA = YES;
				CLANG_WARN_CONSTANT_CONVERSION = YES;
				CLANG_WARN_DEPRECATED_OBJC_IMPLEMENTATIONS = YES;
				CLANG_WARN_DIRECT_OBJC_ISA_USAGE = YES_ERROR;
				CLANG_WARN_DOCUMENTATION_COMMENTS = YES;
				CLANG_WARN_EMPTY_BODY = YES;
				CLANG_WARN_ENUM_CONVERSION = YES;
				CLANG_WARN_INFINITE_RECURSION = YES;
				CLANG_WARN_INT_CONVERSION = YES;
				CLANG_WARN_NON_LITERAL_NULL_CONVERSION = YES;
				CLANG_WARN_OBJC_IMPLICIT_RETAIN_SELF = YES;
				CLANG_WARN_OBJC_LITERAL_CONVERSION = YES;
				CLANG_WARN_OBJC_ROOT_CLASS = YES_ERROR;
				CLANG_WARN_QUOTED_INCLUDE_IN_FRAMEWORK_HEADER = YES;
				CLANG_WARN_RANGE_LOOP_ANALYSIS = YES;
				CLANG_WARN_STRICT_PROTOTYPES = YES;
				CLANG_WARN_SUSPICIOUS_MOVE = YES;
				CLANG_WARN_UNGUARDED_AVAILABILITY = YES_AGGRESSIVE;
				CLANG_WARN_UNREACHABLE_CODE = YES;
				CLANG_WARN__DUPLICATE_METHOD_MATCH = YES;
				COPY_PHASE_STRIP = NO;
				DEBUG_INFORMATION_FORMAT = "dwarf-with-dsym";
				ENABLE_NS_ASSERTIONS = NO;
				ENABLE_STRICT_OBJC_MSGSEND = YES;
				GCC_C_LANGUAGE_STANDARD = gnu11;
				GCC_NO_COMMON_BLOCKS = YES;
				GCC_WARN_64_TO_32_BIT_CONVERSION = YES;
				GCC_WARN_ABOUT_RETURN_TYPE = YES_ERROR;
				GCC_WARN_UNDECLARED_SELECTOR = YES;
				GCC_WARN_UNINITIALIZED_AUTOS = YES_AGGRESSIVE;
				GCC_WARN_UNUSED_FUNCTION = YES;
				GCC_WARN_UNUSED_VARIABLE = YES;
				IPHONEOS_DEPLOYMENT_TARGET = 15.4;
				MTL_ENABLE_DEBUG_INFO = NO;
				MTL_FAST_MATH = YES;
				SDKROOT = iphoneos;
				SWIFT_COMPILATION_MODE = wholemodule;
				SWIFT_OPTIMIZATION_LEVEL = "-O";
				VALIDATE_PRODUCT = YES;
			};
			name = Release;
		};
		1187F96B284DF897000D4C89 /* Debug */ = {
			isa = XCBuildConfiguration;
			buildSettings = {
				ASSETCATALOG_COMPILER_APPICON_NAME = AppIcon;
				ASSETCATALOG_COMPILER_GLOBAL_ACCENT_COLOR_NAME = AccentColor;
				CODE_SIGN_STYLE = Automatic;
				CURRENT_PROJECT_VERSION = 1;
				GENERATE_INFOPLIST_FILE = YES;
				INFOPLIST_FILE = Tasks/Info.plist;
				INFOPLIST_KEY_UIApplicationSupportsIndirectInputEvents = YES;
				INFOPLIST_KEY_UILaunchStoryboardName = LaunchScreen;
				INFOPLIST_KEY_UIMainStoryboardFile = Main;
				INFOPLIST_KEY_UISupportedInterfaceOrientations_iPad = "UIInterfaceOrientationPortrait UIInterfaceOrientationPortraitUpsideDown UIInterfaceOrientationLandscapeLeft UIInterfaceOrientationLandscapeRight";
				INFOPLIST_KEY_UISupportedInterfaceOrientations_iPhone = "UIInterfaceOrientationPortrait UIInterfaceOrientationLandscapeLeft UIInterfaceOrientationLandscapeRight";
				LD_RUNPATH_SEARCH_PATHS = (
					"$(inherited)",
					"@executable_path/Frameworks",
				);
				MARKETING_VERSION = 1.0;
				PRODUCT_BUNDLE_IDENTIFIER = r.Tasks;
				PRODUCT_NAME = "$(TARGET_NAME)";
				SWIFT_EMIT_LOC_STRINGS = YES;
				SWIFT_VERSION = 5.0;
				TARGETED_DEVICE_FAMILY = "1,2";
			};
			name = Debug;
		};
		1187F96C284DF897000D4C89 /* Release */ = {
			isa = XCBuildConfiguration;
			buildSettings = {
				ASSETCATALOG_COMPILER_APPICON_NAME = AppIcon;
				ASSETCATALOG_COMPILER_GLOBAL_ACCENT_COLOR_NAME = AccentColor;
				CODE_SIGN_STYLE = Automatic;
				CURRENT_PROJECT_VERSION = 1;
				GENERATE_INFOPLIST_FILE = YES;
				INFOPLIST_FILE = Tasks/Info.plist;
				INFOPLIST_KEY_UIApplicationSupportsIndirectInputEvents = YES;
				INFOPLIST_KEY_UILaunchStoryboardName = LaunchScreen;
				INFOPLIST_KEY_UIMainStoryboardFile = Main;
				INFOPLIST_KEY_UISupportedInterfaceOrientations_iPad = "UIInterfaceOrientationPortrait UIInterfaceOrientationPortraitUpsideDown UIInterfaceOrientationLandscapeLeft UIInterfaceOrientationLandscapeRight";
				INFOPLIST_KEY_UISupportedInterfaceOrientations_iPhone = "UIInterfaceOrientationPortrait UIInterfaceOrientationLandscapeLeft UIInterfaceOrientationLandscapeRight";
				LD_RUNPATH_SEARCH_PATHS = (
					"$(inherited)",
					"@executable_path/Frameworks",
				);
				MARKETING_VERSION = 1.0;
				PRODUCT_BUNDLE_IDENTIFIER = r.Tasks;
				PRODUCT_NAME = "$(TARGET_NAME)";
				SWIFT_EMIT_LOC_STRINGS = YES;
				SWIFT_VERSION = 5.0;
				TARGETED_DEVICE_FAMILY = "1,2";
			};
			name = Release;
		};
		1187F96E284DF897000D4C89 /* Debug */ = {
			isa = XCBuildConfiguration;
			buildSettings = {
				ALWAYS_EMBED_SWIFT_STANDARD_LIBRARIES = YES;
				BUNDLE_LOADER = "$(TEST_HOST)";
				CODE_SIGN_STYLE = Automatic;
				CURRENT_PROJECT_VERSION = 1;
				GENERATE_INFOPLIST_FILE = YES;
				IPHONEOS_DEPLOYMENT_TARGET = 15.4;
				MARKETING_VERSION = 1.0;
				PRODUCT_BUNDLE_IDENTIFIER = r.TasksTests;
				PRODUCT_NAME = "$(TARGET_NAME)";
				SWIFT_EMIT_LOC_STRINGS = NO;
				SWIFT_VERSION = 5.0;
				TARGETED_DEVICE_FAMILY = "1,2";
				TEST_HOST = "$(BUILT_PRODUCTS_DIR)/Tasks.app/Tasks";
			};
			name = Debug;
		};
		1187F96F284DF897000D4C89 /* Release */ = {
			isa = XCBuildConfiguration;
			buildSettings = {
				ALWAYS_EMBED_SWIFT_STANDARD_LIBRARIES = YES;
				BUNDLE_LOADER = "$(TEST_HOST)";
				CODE_SIGN_STYLE = Automatic;
				CURRENT_PROJECT_VERSION = 1;
				GENERATE_INFOPLIST_FILE = YES;
				IPHONEOS_DEPLOYMENT_TARGET = 15.4;
				MARKETING_VERSION = 1.0;
				PRODUCT_BUNDLE_IDENTIFIER = r.TasksTests;
				PRODUCT_NAME = "$(TARGET_NAME)";
				SWIFT_EMIT_LOC_STRINGS = NO;
				SWIFT_VERSION = 5.0;
				TARGETED_DEVICE_FAMILY = "1,2";
				TEST_HOST = "$(BUILT_PRODUCTS_DIR)/Tasks.app/Tasks";
			};
			name = Release;
		};
		1187F971284DF897000D4C89 /* Debug */ = {
			isa = XCBuildConfiguration;
			buildSettings = {
				ALWAYS_EMBED_SWIFT_STANDARD_LIBRARIES = YES;
				CODE_SIGN_STYLE = Automatic;
				CURRENT_PROJECT_VERSION = 1;
				GENERATE_INFOPLIST_FILE = YES;
				MARKETING_VERSION = 1.0;
				PRODUCT_BUNDLE_IDENTIFIER = r.TasksUITests;
				PRODUCT_NAME = "$(TARGET_NAME)";
				SWIFT_EMIT_LOC_STRINGS = NO;
				SWIFT_VERSION = 5.0;
				TARGETED_DEVICE_FAMILY = "1,2";
				TEST_TARGET_NAME = Tasks;
			};
			name = Debug;
		};
		1187F972284DF897000D4C89 /* Release */ = {
			isa = XCBuildConfiguration;
			buildSettings = {
				ALWAYS_EMBED_SWIFT_STANDARD_LIBRARIES = YES;
				CODE_SIGN_STYLE = Automatic;
				CURRENT_PROJECT_VERSION = 1;
				GENERATE_INFOPLIST_FILE = YES;
				MARKETING_VERSION = 1.0;
				PRODUCT_BUNDLE_IDENTIFIER = r.TasksUITests;
				PRODUCT_NAME = "$(TARGET_NAME)";
				SWIFT_EMIT_LOC_STRINGS = NO;
				SWIFT_VERSION = 5.0;
				TARGETED_DEVICE_FAMILY = "1,2";
				TEST_TARGET_NAME = Tasks;
			};
			name = Release;
		};
/* End XCBuildConfiguration section */

/* Begin XCConfigurationList section */
		1187F93B284DF894000D4C89 /* Build configuration list for PBXProject "Tasks" */ = {
			isa = XCConfigurationList;
			buildConfigurations = (
				1187F968284DF897000D4C89 /* Debug */,
				1187F969284DF897000D4C89 /* Release */,
			);
			defaultConfigurationIsVisible = 0;
			defaultConfigurationName = Release;
		};
		1187F96A284DF897000D4C89 /* Build configuration list for PBXNativeTarget "Tasks" */ = {
			isa = XCConfigurationList;
			buildConfigurations = (
				1187F96B284DF897000D4C89 /* Debug */,
				1187F96C284DF897000D4C89 /* Release */,
			);
			defaultConfigurationIsVisible = 0;
			defaultConfigurationName = Release;
		};
		1187F96D284DF897000D4C89 /* Build configuration list for PBXNativeTarget "TasksTests" */ = {
			isa = XCConfigurationList;
			buildConfigurations = (
				1187F96E284DF897000D4C89 /* Debug */,
				1187F96F284DF897000D4C89 /* Release */,
			);
			defaultConfigurationIsVisible = 0;
			defaultConfigurationName = Release;
		};
		1187F970284DF897000D4C89 /* Build configuration list for PBXNativeTarget "TasksUITests" */ = {
			isa = XCConfigurationList;
			buildConfigurations = (
				1187F971284DF897000D4C89 /* Debug */,
				1187F972284DF897000D4C89 /* Release */,
			);
			defaultConfigurationIsVisible = 0;
			defaultConfigurationName = Release;
		};
/* End XCConfigurationList section */
	};
	rootObject = 1187F938284DF894000D4C89 /* Project object */;
}
